
Microsoft Visual Studio Solution File, Format Version 12.00
# Visual Studio Version 16
VisualStudioVersion = 16.0.30114.105
MinimumVisualStudioVersion = 10.0.40219.1
Project("{2150E333-8FDC-42A3-9474-1A3956D46DE8}") = "Domain", "Domain", "{65A4AB0D-3775-40E2-8920-3BC269A53DD2}"
EndProject
Project("{2150E333-8FDC-42A3-9474-1A3956D46DE8}") = "Infro.Bus", "Infro.Bus", "{5BAEDD38-E1BB-4FE1-AE36-4847EB7332C0}"
EndProject
Project("{2150E333-8FDC-42A3-9474-1A3956D46DE8}") = "Info.Ioc", "Info.Ioc", "{12EA7780-753E-461A-9F64-E0E95B087297}"
EndProject
Project("{2150E333-8FDC-42A3-9474-1A3956D46DE8}") = "Microservices", "Microservices", "{10C9F84B-3D44-4A2B-AF7B-D50539E3C82F}"
EndProject
Project("{FAE04EC0-301F-11D3-BF4B-00C04F79EFBC}") = "Action.Comman.Core", "Action.Comman.Core\Action.Comman.Core.csproj", "{CDABAF9F-0303-41C1-AEDA-B84725C981A0}"
EndProject
Project("{FAE04EC0-301F-11D3-BF4B-00C04F79EFBC}") = "Action.Info.IoC", "Action.Info.IoC\Action.Info.IoC.csproj", "{852DB5B3-3071-4BCC-BA2D-365336463A59}"
EndProject
Project("{FAE04EC0-301F-11D3-BF4B-00C04F79EFBC}") = "Action.Info.Bus", "Action.Info.Bus\Action.Info.Bus.csproj", "{38A6FE29-6EA1-4EE5-BD0A-BD2743E2291D}"
EndProject
Project("{2150E333-8FDC-42A3-9474-1A3956D46DE8}") = "src", "src", "{EEEA577E-12C7-463E-8FE1-88478E946A86}"
EndProject
Project("{2150E333-8FDC-42A3-9474-1A3956D46DE8}") = "Api", "Api", "{1526734B-D145-4611-B8BD-F5ADC397D5E5}"
EndProject
Project("{2150E333-8FDC-42A3-9474-1A3956D46DE8}") = "Application", "Application", "{D9B222CC-3160-4AC4-8ECD-102CF1656675}"
EndProject
Project("{2150E333-8FDC-42A3-9474-1A3956D46DE8}") = "Data", "Data", "{27A6809D-A4D3-403B-8637-28C808325430}"
EndProject
Project("{2150E333-8FDC-42A3-9474-1A3956D46DE8}") = "Domain", "Domain", "{2F407F6E-ED00-4015-961C-3E9E076EDA33}"
EndProject
Project("{FAE04EC0-301F-11D3-BF4B-00C04F79EFBC}") = "Action.Api", "Action.Api\Action.Api.csproj", "{B9051928-0A19-4D23-87E6-DA8ECF7F1E58}"
EndProject
Project("{FAE04EC0-301F-11D3-BF4B-00C04F79EFBC}") = "Action.Application", "Action.Application\Action.Application.csproj", "{C38C60F5-7E1C-4271-9751-81AF1C5FFCDE}"
EndProject
Project("{FAE04EC0-301F-11D3-BF4B-00C04F79EFBC}") = "Action.Data", "Action.Data\Action.Data.csproj", "{7F77CC88-C9BC-407A-9974-0BB0C5DAE25A}"
EndProject
Project("{FAE04EC0-301F-11D3-BF4B-00C04F79EFBC}") = "Action.Domain", "Action.Domain\Action.Domain.csproj", "{183E20A9-A37C-48F6-A095-BECA1CDD06C5}"
EndProject
Global
	GlobalSection(SolutionConfigurationPlatforms) = preSolution
		Debug|Any CPU = Debug|Any CPU
		Release|Any CPU = Release|Any CPU
	EndGlobalSection
	GlobalSection(ProjectConfigurationPlatforms) = postSolution
		{CDABAF9F-0303-41C1-AEDA-B84725C981A0}.Debug|Any CPU.ActiveCfg = Debug|Any CPU
		{CDABAF9F-0303-41C1-AEDA-B84725C981A0}.Debug|Any CPU.Build.0 = Debug|Any CPU
		{CDABAF9F-0303-41C1-AEDA-B84725C981A0}.Release|Any CPU.ActiveCfg = Release|Any CPU
		{CDABAF9F-0303-41C1-AEDA-B84725C981A0}.Release|Any CPU.Build.0 = Release|Any CPU
		{852DB5B3-3071-4BCC-BA2D-365336463A59}.Debug|Any CPU.ActiveCfg = Debug|Any CPU
		{852DB5B3-3071-4BCC-BA2D-365336463A59}.Debug|Any CPU.Build.0 = Debug|Any CPU
		{852DB5B3-3071-4BCC-BA2D-365336463A59}.Release|Any CPU.ActiveCfg = Release|Any CPU
		{852DB5B3-3071-4BCC-BA2D-365336463A59}.Release|Any CPU.Build.0 = Release|Any CPU
		{38A6FE29-6EA1-4EE5-BD0A-BD2743E2291D}.Debug|Any CPU.ActiveCfg = Debug|Any CPU
		{38A6FE29-6EA1-4EE5-BD0A-BD2743E2291D}.Debug|Any CPU.Build.0 = Debug|Any CPU
		{38A6FE29-6EA1-4EE5-BD0A-BD2743E2291D}.Release|Any CPU.ActiveCfg = Release|Any CPU
		{38A6FE29-6EA1-4EE5-BD0A-BD2743E2291D}.Release|Any CPU.Build.0 = Release|Any CPU
		{B9051928-0A19-4D23-87E6-DA8ECF7F1E58}.Debug|Any CPU.ActiveCfg = Debug|Any CPU
		{B9051928-0A19-4D23-87E6-DA8ECF7F1E58}.Debug|Any CPU.Build.0 = Debug|Any CPU
		{B9051928-0A19-4D23-87E6-DA8ECF7F1E58}.Release|Any CPU.ActiveCfg = Release|Any CPU
		{B9051928-0A19-4D23-87E6-DA8ECF7F1E58}.Release|Any CPU.Build.0 = Release|Any CPU
		{C38C60F5-7E1C-4271-9751-81AF1C5FFCDE}.Debug|Any CPU.ActiveCfg = Debug|Any CPU
		{C38C60F5-7E1C-4271-9751-81AF1C5FFCDE}.Debug|Any CPU.Build.0 = Debug|Any CPU
		{C38C60F5-7E1C-4271-9751-81AF1C5FFCDE}.Release|Any CPU.ActiveCfg = Release|Any CPU
		{C38C60F5-7E1C-4271-9751-81AF1C5FFCDE}.Release|Any CPU.Build.0 = Release|Any CPU
		{7F77CC88-C9BC-407A-9974-0BB0C5DAE25A}.Debug|Any CPU.ActiveCfg = Debug|Any CPU
		{7F77CC88-C9BC-407A-9974-0BB0C5DAE25A}.Debug|Any CPU.Build.0 = Debug|Any CPU
		{7F77CC88-C9BC-407A-9974-0BB0C5DAE25A}.Release|Any CPU.ActiveCfg = Release|Any CPU
		{7F77CC88-C9BC-407A-9974-0BB0C5DAE25A}.Release|Any CPU.Build.0 = Release|Any CPU
		{183E20A9-A37C-48F6-A095-BECA1CDD06C5}.Debug|Any CPU.ActiveCfg = Debug|Any CPU
		{183E20A9-A37C-48F6-A095-BECA1CDD06C5}.Debug|Any CPU.Build.0 = Debug|Any CPU
		{183E20A9-A37C-48F6-A095-BECA1CDD06C5}.Release|Any CPU.ActiveCfg = Release|Any CPU
		{183E20A9-A37C-48F6-A095-BECA1CDD06C5}.Release|Any CPU.Build.0 = Release|Any CPU
	EndGlobalSection
	GlobalSection(SolutionProperties) = preSolution
		HideSolutionNode = FALSE
	EndGlobalSection
	GlobalSection(NestedProjects) = preSolution
		{CDABAF9F-0303-41C1-AEDA-B84725C981A0} = {65A4AB0D-3775-40E2-8920-3BC269A53DD2}
		{852DB5B3-3071-4BCC-BA2D-365336463A59} = {12EA7780-753E-461A-9F64-E0E95B087297}
		{38A6FE29-6EA1-4EE5-BD0A-BD2743E2291D} = {5BAEDD38-E1BB-4FE1-AE36-4847EB7332C0}
		{EEEA577E-12C7-463E-8FE1-88478E946A86} = {10C9F84B-3D44-4A2B-AF7B-D50539E3C82F}
		{1526734B-D145-4611-B8BD-F5ADC397D5E5} = {EEEA577E-12C7-463E-8FE1-88478E946A86}
		{D9B222CC-3160-4AC4-8ECD-102CF1656675} = {EEEA577E-12C7-463E-8FE1-88478E946A86}
		{27A6809D-A4D3-403B-8637-28C808325430} = {EEEA577E-12C7-463E-8FE1-88478E946A86}
		{2F407F6E-ED00-4015-961C-3E9E076EDA33} = {EEEA577E-12C7-463E-8FE1-88478E946A86}
		{B9051928-0A19-4D23-87E6-DA8ECF7F1E58} = {1526734B-D145-4611-B8BD-F5ADC397D5E5}
		{C38C60F5-7E1C-4271-9751-81AF1C5FFCDE} = {D9B222CC-3160-4AC4-8ECD-102CF1656675}
		{7F77CC88-C9BC-407A-9974-0BB0C5DAE25A} = {27A6809D-A4D3-403B-8637-28C808325430}
		{183E20A9-A37C-48F6-A095-BECA1CDD06C5} = {2F407F6E-ED00-4015-961C-3E9E076EDA33}
	EndGlobalSection
	GlobalSection(ExtensibilityGlobals) = postSolution
		SolutionGuid = {F61164EA-891C-4670-920C-4583A57BA7C7}
	EndGlobalSection
EndGlobal
